
Microsoft Visual Studio Solution File, Format Version 12.00
# Visual Studio Version 16
VisualStudioVersion = 16.0.30907.101
MinimumVisualStudioVersion = 10.0.40219.1
Project("{9A19103F-16F7-4668-BE54-9A1E7A4F7556}") = "IDPDemoApp.Web", "IDPDemoApp.Web\IDPDemoApp.Web.csproj", "{829CA4F8-1E9C-4A1E-A0B6-D77CA369DB29}"
EndProject
Global
	GlobalSection(SolutionConfigurationPlatforms) = preSolution
		Debug|Any CPU = Debug|Any CPU
		Release|Any CPU = Release|Any CPU
	EndGlobalSection
	GlobalSection(ProjectConfigurationPlatforms) = postSolution
		{829CA4F8-1E9C-4A1E-A0B6-D77CA369DB29}.Debug|Any CPU.ActiveCfg = Debug|Any CPU
		{829CA4F8-1E9C-4A1E-A0B6-D77CA369DB29}.Debug|Any CPU.Build.0 = Debug|Any CPU
		{829CA4F8-1E9C-4A1E-A0B6-D77CA369DB29}.Release|Any CPU.ActiveCfg = Release|Any CPU
		{829CA4F8-1E9C-4A1E-A0B6-D77CA369DB29}.Release|Any CPU.Build.0 = Release|Any CPU
	EndGlobalSection
	GlobalSection(SolutionProperties) = preSolution
		HideSolutionNode = FALSE
	EndGlobalSection
	GlobalSection(ExtensibilityGlobals) = postSolution
		SolutionGuid = {B85C5203-88ED-4107-9260-7CFABA9444A6}
	EndGlobalSection
EndGlobal
